// !$*UTF8*$!
{
	archiveVersion = 1;
	classes = {
	};
	objectVersion = 51;
	objects = {

/* Begin PBXBuildFile section */
		2082E733484685939F7CB827 /* Pods_PhotoGallery.framework in Frameworks */ = {isa = PBXBuildFile; fileRef = 256E4939129F9DB861436E82 /* Pods_PhotoGallery.framework */; };
		7963539D25AEE77E00B269E4 /* AppDelegate.swift in Sources */ = {isa = PBXBuildFile; fileRef = 7963539C25AEE77E00B269E4 /* AppDelegate.swift */; };
		7963539F25AEE77E00B269E4 /* SceneDelegate.swift in Sources */ = {isa = PBXBuildFile; fileRef = 7963539E25AEE77E00B269E4 /* SceneDelegate.swift */; };
		796353A125AEE77E00B269E4 /* ViewController.swift in Sources */ = {isa = PBXBuildFile; fileRef = 796353A025AEE77E00B269E4 /* ViewController.swift */; };
		796353A425AEE77E00B269E4 /* Main.storyboard in Resources */ = {isa = PBXBuildFile; fileRef = 796353A225AEE77E00B269E4 /* Main.storyboard */; };
		796353A625AEE78100B269E4 /* Assets.xcassets in Resources */ = {isa = PBXBuildFile; fileRef = 796353A525AEE78100B269E4 /* Assets.xcassets */; };
		796353A925AEE78100B269E4 /* LaunchScreen.storyboard in Resources */ = {isa = PBXBuildFile; fileRef = 796353A725AEE78100B269E4 /* LaunchScreen.storyboard */; };
		796353BA25AEEF8000B269E4 /* Utils.swift in Sources */ = {isa = PBXBuildFile; fileRef = 796353B925AEEF8000B269E4 /* Utils.swift */; };
		796353C125AEFC0100B269E4 /* PhotoPickerViewController.swift in Sources */ = {isa = PBXBuildFile; fileRef = 796353C025AEFC0100B269E4 /* PhotoPickerViewController.swift */; };
		796353C525AEFF6000B269E4 /* ItemCollectionViewCell.swift in Sources */ = {isa = PBXBuildFile; fileRef = 796353C325AEFF6000B269E4 /* ItemCollectionViewCell.swift */; };
		796353C625AEFF6000B269E4 /* ItemCollectionViewCell.xib in Resources */ = {isa = PBXBuildFile; fileRef = 796353C425AEFF6000B269E4 /* ItemCollectionViewCell.xib */; };
		796353D925AF145A00B269E4 /* ImageItem.swift in Sources */ = {isa = PBXBuildFile; fileRef = 796353D825AF145A00B269E4 /* ImageItem.swift */; };
		796353DF25AF281500B269E4 /* ImageSelectCallback.swift in Sources */ = {isa = PBXBuildFile; fileRef = 796353DE25AF281400B269E4 /* ImageSelectCallback.swift */; };
/* End PBXBuildFile section */

/* Begin PBXFileReference section */
		256E4939129F9DB861436E82 /* Pods_PhotoGallery.framework */ = {isa = PBXFileReference; explicitFileType = wrapper.framework; includeInIndex = 0; path = Pods_PhotoGallery.framework; sourceTree = BUILT_PRODUCTS_DIR; };
		7963539925AEE77E00B269E4 /* PhotoGallery.app */ = {isa = PBXFileReference; explicitFileType = wrapper.application; includeInIndex = 0; path = PhotoGallery.app; sourceTree = BUILT_PRODUCTS_DIR; };
		7963539C25AEE77E00B269E4 /* AppDelegate.swift */ = {isa = PBXFileReference; lastKnownFileType = sourcecode.swift; path = AppDelegate.swift; sourceTree = "<group>"; };
		7963539E25AEE77E00B269E4 /* SceneDelegate.swift */ = {isa = PBXFileReference; lastKnownFileType = sourcecode.swift; path = SceneDelegate.swift; sourceTree = "<group>"; };
		796353A025AEE77E00B269E4 /* ViewController.swift */ = {isa = PBXFileReference; lastKnownFileType = sourcecode.swift; path = ViewController.swift; sourceTree = "<group>"; };
		796353A325AEE77E00B269E4 /* Base */ = {isa = PBXFileReference; lastKnownFileType = file.storyboard; name = Base; path = Base.lproj/Main.storyboard; sourceTree = "<group>"; };
		796353A525AEE78100B269E4 /* Assets.xcassets */ = {isa = PBXFileReference; lastKnownFileType = folder.assetcatalog; path = Assets.xcassets; sourceTree = "<group>"; };
		796353A825AEE78100B269E4 /* Base */ = {isa = PBXFileReference; lastKnownFileType = file.storyboard; name = Base; path = Base.lproj/LaunchScreen.storyboard; sourceTree = "<group>"; };
		796353AA25AEE78100B269E4 /* Info.plist */ = {isa = PBXFileReference; lastKnownFileType = text.plist.xml; path = Info.plist; sourceTree = "<group>"; };
		796353B925AEEF8000B269E4 /* Utils.swift */ = {isa = PBXFileReference; lastKnownFileType = sourcecode.swift; path = Utils.swift; sourceTree = "<group>"; };
		796353C025AEFC0100B269E4 /* PhotoPickerViewController.swift */ = {isa = PBXFileReference; lastKnownFileType = sourcecode.swift; path = PhotoPickerViewController.swift; sourceTree = "<group>"; };
		796353C325AEFF6000B269E4 /* ItemCollectionViewCell.swift */ = {isa = PBXFileReference; lastKnownFileType = sourcecode.swift; path = ItemCollectionViewCell.swift; sourceTree = "<group>"; };
		796353C425AEFF6000B269E4 /* ItemCollectionViewCell.xib */ = {isa = PBXFileReference; lastKnownFileType = file.xib; path = ItemCollectionViewCell.xib; sourceTree = "<group>"; };
		796353D825AF145A00B269E4 /* ImageItem.swift */ = {isa = PBXFileReference; lastKnownFileType = sourcecode.swift; path = ImageItem.swift; sourceTree = "<group>"; };
		796353DE25AF281400B269E4 /* ImageSelectCallback.swift */ = {isa = PBXFileReference; lastKnownFileType = sourcecode.swift; path = ImageSelectCallback.swift; sourceTree = "<group>"; };
		D91517E625CBD617D46C2D86 /* Pods-PhotoGallery.debug.xcconfig */ = {isa = PBXFileReference; includeInIndex = 1; lastKnownFileType = text.xcconfig; name = "Pods-PhotoGallery.debug.xcconfig"; path = "Target Support Files/Pods-PhotoGallery/Pods-PhotoGallery.debug.xcconfig"; sourceTree = "<group>"; };
		F7CE5BD093328DD8870246EC /* Pods-PhotoGallery.release.xcconfig */ = {isa = PBXFileReference; includeInIndex = 1; lastKnownFileType = text.xcconfig; name = "Pods-PhotoGallery.release.xcconfig"; path = "Target Support Files/Pods-PhotoGallery/Pods-PhotoGallery.release.xcconfig"; sourceTree = "<group>"; };
/* End PBXFileReference section */

/* Begin PBXFrameworksBuildPhase section */
		7963539625AEE77E00B269E4 /* Frameworks */ = {
			isa = PBXFrameworksBuildPhase;
			buildActionMask = 2147483647;
			files = (
				2082E733484685939F7CB827 /* Pods_PhotoGallery.framework in Frameworks */,
			);
			runOnlyForDeploymentPostprocessing = 0;
		};
/* End PBXFrameworksBuildPhase section */

/* Begin PBXGroup section */
		437A089EAE141885FCD60CD5 /* Frameworks */ = {
			isa = PBXGroup;
			children = (
				256E4939129F9DB861436E82 /* Pods_PhotoGallery.framework */,
			);
			name = Frameworks;
			sourceTree = "<group>";
		};
		72A9F1729626587ACE8C687F /* Pods */ = {
			isa = PBXGroup;
			children = (
				D91517E625CBD617D46C2D86 /* Pods-PhotoGallery.debug.xcconfig */,
				F7CE5BD093328DD8870246EC /* Pods-PhotoGallery.release.xcconfig */,
			);
			path = Pods;
			sourceTree = "<group>";
		};
		7963539025AEE77E00B269E4 = {
			isa = PBXGroup;
			children = (
				7963539B25AEE77E00B269E4 /* PhotoGallery */,
				7963539A25AEE77E00B269E4 /* Products */,
				72A9F1729626587ACE8C687F /* Pods */,
				437A089EAE141885FCD60CD5 /* Frameworks */,
			);
			sourceTree = "<group>";
		};
		7963539A25AEE77E00B269E4 /* Products */ = {
			isa = PBXGroup;
			children = (
				7963539925AEE77E00B269E4 /* PhotoGallery.app */,
			);
			name = Products;
			sourceTree = "<group>";
		};
		7963539B25AEE77E00B269E4 /* PhotoGallery */ = {
			isa = PBXGroup;
			children = (
				7963539C25AEE77E00B269E4 /* AppDelegate.swift */,
				7963539E25AEE77E00B269E4 /* SceneDelegate.swift */,
				796353DB25AF145E00B269E4 /* Model */,
				796353B625AEE89300B269E4 /* View */,
				796353B725AEE89C00B269E4 /* Controller */,
				796353BC25AEEF8600B269E4 /* Utils */,
				796353A525AEE78100B269E4 /* Assets.xcassets */,
				796353A725AEE78100B269E4 /* LaunchScreen.storyboard */,
				796353AA25AEE78100B269E4 /* Info.plist */,
			);
			path = PhotoGallery;
			sourceTree = "<group>";
		};
		796353B625AEE89300B269E4 /* View */ = {
			isa = PBXGroup;
			children = (
				796353A225AEE77E00B269E4 /* Main.storyboard */,
				796353C325AEFF6000B269E4 /* ItemCollectionViewCell.swift */,
				796353C425AEFF6000B269E4 /* ItemCollectionViewCell.xib */,
			);
			path = View;
			sourceTree = "<group>";
		};
		796353B725AEE89C00B269E4 /* Controller */ = {
			isa = PBXGroup;
			children = (
				796353A025AEE77E00B269E4 /* ViewController.swift */,
				796353C025AEFC0100B269E4 /* PhotoPickerViewController.swift */,
			);
			path = Controller;
			sourceTree = "<group>";
		};
		796353BC25AEEF8600B269E4 /* Utils */ = {
			isa = PBXGroup;
			children = (
				796353B925AEEF8000B269E4 /* Utils.swift */,
				796353DE25AF281400B269E4 /* ImageSelectCallback.swift */,
			);
			path = Utils;
			sourceTree = "<group>";
		};
		796353DB25AF145E00B269E4 /* Model */ = {
			isa = PBXGroup;
			children = (
				796353D825AF145A00B269E4 /* ImageItem.swift */,
			);
			path = Model;
			sourceTree = "<group>";
		};
/* End PBXGroup section */

/* Begin PBXNativeTarget section */
		7963539825AEE77E00B269E4 /* PhotoGallery */ = {
			isa = PBXNativeTarget;
			buildConfigurationList = 796353AD25AEE78100B269E4 /* Build configuration list for PBXNativeTarget "PhotoGallery" */;
			buildPhases = (
				89EC1E9ACB3E53D48C227896 /* [CP] Check Pods Manifest.lock */,
				7963539525AEE77E00B269E4 /* Sources */,
				7963539625AEE77E00B269E4 /* Frameworks */,
				7963539725AEE77E00B269E4 /* Resources */,
				96C346A4AC6C3751F9CCD423 /* [CP] Embed Pods Frameworks */,
			);
			buildRules = (
			);
			dependencies = (
			);
			name = PhotoGallery;
			productName = PhotoGallery;
			productReference = 7963539925AEE77E00B269E4 /* PhotoGallery.app */;
			productType = "com.apple.product-type.application";
		};
/* End PBXNativeTarget section */

/* Begin PBXProject section */
		7963539125AEE77E00B269E4 /* Project object */ = {
			isa = PBXProject;
			attributes = {
				LastSwiftUpdateCheck = 1220;
				LastUpgradeCheck = 1220;
				TargetAttributes = {
					7963539825AEE77E00B269E4 = {
						CreatedOnToolsVersion = 12.2;
					};
				};
			};
			buildConfigurationList = 7963539425AEE77E00B269E4 /* Build configuration list for PBXProject "PhotoGallery" */;
			compatibilityVersion = "Xcode 9.3";
			developmentRegion = en;
			hasScannedForEncodings = 0;
			knownRegions = (
				en,
				Base,
			);
			mainGroup = 7963539025AEE77E00B269E4;
			productRefGroup = 7963539A25AEE77E00B269E4 /* Products */;
			projectDirPath = "";
			projectRoot = "";
			targets = (
				7963539825AEE77E00B269E4 /* PhotoGallery */,
			);
		};
/* End PBXProject section */

/* Begin PBXResourcesBuildPhase section */
		7963539725AEE77E00B269E4 /* Resources */ = {
			isa = PBXResourcesBuildPhase;
			buildActionMask = 2147483647;
			files = (
				796353A925AEE78100B269E4 /* LaunchScreen.storyboard in Resources */,
				796353C625AEFF6000B269E4 /* ItemCollectionViewCell.xib in Resources */,
				796353A625AEE78100B269E4 /* Assets.xcassets in Resources */,
				796353A425AEE77E00B269E4 /* Main.storyboard in Resources */,
			);
			runOnlyForDeploymentPostprocessing = 0;
		};
/* End PBXResourcesBuildPhase section */

/* Begin PBXShellScriptBuildPhase section */
		89EC1E9ACB3E53D48C227896 /* [CP] Check Pods Manifest.lock */ = {
			isa = PBXShellScriptBuildPhase;
			buildActionMask = 2147483647;
			files = (
			);
			inputFileListPaths = (
			);
			inputPaths = (
				"${PODS_PODFILE_DIR_PATH}/Podfile.lock",
				"${PODS_ROOT}/Manifest.lock",
			);
			name = "[CP] Check Pods Manifest.lock";
			outputFileListPaths = (
			);
			outputPaths = (
				"$(DERIVED_FILE_DIR)/Pods-PhotoGallery-checkManifestLockResult.txt",
			);
			runOnlyForDeploymentPostprocessing = 0;
			shellPath = /bin/sh;
			shellScript = "diff \"${PODS_PODFILE_DIR_PATH}/Podfile.lock\" \"${PODS_ROOT}/Manifest.lock\" > /dev/null\nif [ $? != 0 ] ; then\n    # print error to STDERR\n    echo \"error: The sandbox is not in sync with the Podfile.lock. Run 'pod install' or update your CocoaPods installation.\" >&2\n    exit 1\nfi\n# This output is used by Xcode 'outputs' to avoid re-running this script phase.\necho \"SUCCESS\" > \"${SCRIPT_OUTPUT_FILE_0}\"\n";
			showEnvVarsInLog = 0;
		};
		96C346A4AC6C3751F9CCD423 /* [CP] Embed Pods Frameworks */ = {
			isa = PBXShellScriptBuildPhase;
			buildActionMask = 2147483647;
			files = (
			);
			inputFileListPaths = (
				"${PODS_ROOT}/Target Support Files/Pods-PhotoGallery/Pods-PhotoGallery-frameworks-${CONFIGURATION}-input-files.xcfilelist",
			);
			name = "[CP] Embed Pods Frameworks";
			outputFileListPaths = (
				"${PODS_ROOT}/Target Support Files/Pods-PhotoGallery/Pods-PhotoGallery-frameworks-${CONFIGURATION}-output-files.xcfilelist",
			);
			runOnlyForDeploymentPostprocessing = 0;
			shellPath = /bin/sh;
			shellScript = "\"${PODS_ROOT}/Target Support Files/Pods-PhotoGallery/Pods-PhotoGallery-frameworks.sh\"\n";
			showEnvVarsInLog = 0;
		};
/* End PBXShellScriptBuildPhase section */

/* Begin PBXSourcesBuildPhase section */
		7963539525AEE77E00B269E4 /* Sources */ = {
			isa = PBXSourcesBuildPhase;
			buildActionMask = 2147483647;
			files = (
				796353C125AEFC0100B269E4 /* PhotoPickerViewController.swift in Sources */,
				796353A125AEE77E00B269E4 /* ViewController.swift in Sources */,
				7963539D25AEE77E00B269E4 /* AppDelegate.swift in Sources */,
				796353C525AEFF6000B269E4 /* ItemCollectionViewCell.swift in Sources */,
				796353DF25AF281500B269E4 /* ImageSelectCallback.swift in Sources */,
				7963539F25AEE77E00B269E4 /* SceneDelegate.swift in Sources */,
				796353D925AF145A00B269E4 /* ImageItem.swift in Sources */,
				796353BA25AEEF8000B269E4 /* Utils.swift in Sources */,
			);
			runOnlyForDeploymentPostprocessing = 0;
		};
/* End PBXSourcesBuildPhase section */

/* Begin PBXVariantGroup section */
		796353A225AEE77E00B269E4 /* Main.storyboard */ = {
			isa = PBXVariantGroup;
			children = (
				796353A325AEE77E00B269E4 /* Base */,
			);
			name = Main.storyboard;
			sourceTree = "<group>";
		};
		796353A725AEE78100B269E4 /* LaunchScreen.storyboard */ = {
			isa = PBXVariantGroup;
			children = (
				796353A825AEE78100B269E4 /* Base */,
			);
			name = LaunchScreen.storyboard;
			sourceTree = "<group>";
		};
/* End PBXVariantGroup section */

/* Begin XCBuildConfiguration section */
		796353AB25AEE78100B269E4 /* Debug */ = {
			isa = XCBuildConfiguration;
			buildSettings = {
				ALWAYS_SEARCH_USER_PATHS = NO;
				CLANG_ANALYZER_NONNULL = YES;
				CLANG_ANALYZER_NUMBER_OBJECT_CONVERSION = YES_AGGRESSIVE;
				CLANG_CXX_LANGUAGE_STANDARD = "gnu++14";
				CLANG_CXX_LIBRARY = "libc++";
				CLANG_ENABLE_MODULES = YES;
				CLANG_ENABLE_OBJC_ARC = YES;
				CLANG_ENABLE_OBJC_WEAK = YES;
				CLANG_WARN_BLOCK_CAPTURE_AUTORELEASING = YES;
				CLANG_WARN_BOOL_CONVERSION = YES;
				CLANG_WARN_COMMA = YES;
				CLANG_WARN_CONSTANT_CONVERSION = YES;
				CLANG_WARN_DEPRECATED_OBJC_IMPLEMENTATIONS = YES;
				CLANG_WARN_DIRECT_OBJC_ISA_USAGE = YES_ERROR;
				CLANG_WARN_DOCUMENTATION_COMMENTS = YES;
				CLANG_WARN_EMPTY_BODY = YES;
				CLANG_WARN_ENUM_CONVERSION = YES;
				CLANG_WARN_INFINITE_RECURSION = YES;
				CLANG_WARN_INT_CONVERSION = YES;
				CLANG_WARN_NON_LITERAL_NULL_CONVERSION = YES;
				CLANG_WARN_OBJC_IMPLICIT_RETAIN_SELF = YES;
				CLANG_WARN_OBJC_LITERAL_CONVERSION = YES;
				CLANG_WARN_OBJC_ROOT_CLASS = YES_ERROR;
				CLANG_WARN_QUOTED_INCLUDE_IN_FRAMEWORK_HEADER = YES;
				CLANG_WARN_RANGE_LOOP_ANALYSIS = YES;
				CLANG_WARN_STRICT_PROTOTYPES = YES;
				CLANG_WARN_SUSPICIOUS_MOVE = YES;
				CLANG_WARN_UNGUARDED_AVAILABILITY = YES_AGGRESSIVE;
				CLANG_WARN_UNREACHABLE_CODE = YES;
				CLANG_WARN__DUPLICATE_METHOD_MATCH = YES;
				COPY_PHASE_STRIP = NO;
				DEBUG_INFORMATION_FORMAT = dwarf;
				ENABLE_STRICT_OBJC_MSGSEND = YES;
				ENABLE_TESTABILITY = YES;
				GCC_C_LANGUAGE_STANDARD = gnu11;
				GCC_DYNAMIC_NO_PIC = NO;
				GCC_NO_COMMON_BLOCKS = YES;
				GCC_OPTIMIZATION_LEVEL = 0;
				GCC_PREPROCESSOR_DEFINITIONS = (
					"DEBUG=1",
					"$(inherited)",
				);
				GCC_WARN_64_TO_32_BIT_CONVERSION = YES;
				GCC_WARN_ABOUT_RETURN_TYPE = YES_ERROR;
				GCC_WARN_UNDECLARED_SELECTOR = YES;
				GCC_WARN_UNINITIALIZED_AUTOS = YES_AGGRESSIVE;
				GCC_WARN_UNUSED_FUNCTION = YES;
				GCC_WARN_UNUSED_VARIABLE = YES;
				IPHONEOS_DEPLOYMENT_TARGET = 14.2;
				MTL_ENABLE_DEBUG_INFO = INCLUDE_SOURCE;
				MTL_FAST_MATH = YES;
				ONLY_ACTIVE_ARCH = YES;
				SDKROOT = iphoneos;
				SWIFT_ACTIVE_COMPILATION_CONDITIONS = DEBUG;
				SWIFT_OPTIMIZATION_LEVEL = "-Onone";
			};
			name = Debug;
		};
		796353AC25AEE78100B269E4 /* Release */ = {
			isa = XCBuildConfiguration;
			buildSettings = {
				ALWAYS_SEARCH_USER_PATHS = NO;
				CLANG_ANALYZER_NONNULL = YES;
				CLANG_ANALYZER_NUMBER_OBJECT_CONVERSION = YES_AGGRESSIVE;
				CLANG_CXX_LANGUAGE_STANDARD = "gnu++14";
				CLANG_CXX_LIBRARY = "libc++";
				CLANG_ENABLE_MODULES = YES;
				CLANG_ENABLE_OBJC_ARC = YES;
				CLANG_ENABLE_OBJC_WEAK = YES;
				CLANG_WARN_BLOCK_CAPTURE_AUTORELEASING = YES;
				CLANG_WARN_BOOL_CONVERSION = YES;
				CLANG_WARN_COMMA = YES;
				CLANG_WARN_CONSTANT_CONVERSION = YES;
				CLANG_WARN_DEPRECATED_OBJC_IMPLEMENTATIONS = YES;
				CLANG_WARN_DIRECT_OBJC_ISA_USAGE = YES_ERROR;
				CLANG_WARN_DOCUMENTATION_COMMENTS = YES;
				CLANG_WARN_EMPTY_BODY = YES;
				CLANG_WARN_ENUM_CONVERSION = YES;
				CLANG_WARN_INFINITE_RECURSION = YES;
				CLANG_WARN_INT_CONVERSION = YES;
				CLANG_WARN_NON_LITERAL_NULL_CONVERSION = YES;
				CLANG_WARN_OBJC_IMPLICIT_RETAIN_SELF = YES;
				CLANG_WARN_OBJC_LITERAL_CONVERSION = YES;
				CLANG_WARN_OBJC_ROOT_CLASS = YES_ERROR;
				CLANG_WARN_QUOTED_INCLUDE_IN_FRAMEWORK_HEADER = YES;
				CLANG_WARN_RANGE_LOOP_ANALYSIS = YES;
				CLANG_WARN_STRICT_PROTOTYPES = YES;
				CLANG_WARN_SUSPICIOUS_MOVE = YES;
				CLANG_WARN_UNGUARDED_AVAILABILITY = YES_AGGRESSIVE;
				CLANG_WARN_UNREACHABLE_CODE = YES;
				CLANG_WARN__DUPLICATE_METHOD_MATCH = YES;
				COPY_PHASE_STRIP = NO;
				DEBUG_INFORMATION_FORMAT = "dwarf-with-dsym";
				ENABLE_NS_ASSERTIONS = NO;
				ENABLE_STRICT_OBJC_MSGSEND = YES;
				GCC_C_LANGUAGE_STANDARD = gnu11;
				GCC_NO_COMMON_BLOCKS = YES;
				GCC_WARN_64_TO_32_BIT_CONVERSION = YES;
				GCC_WARN_ABOUT_RETURN_TYPE = YES_ERROR;
				GCC_WARN_UNDECLARED_SELECTOR = YES;
				GCC_WARN_UNINITIALIZED_AUTOS = YES_AGGRESSIVE;
				GCC_WARN_UNUSED_FUNCTION = YES;
				GCC_WARN_UNUSED_VARIABLE = YES;
				IPHONEOS_DEPLOYMENT_TARGET = 14.2;
				MTL_ENABLE_DEBUG_INFO = NO;
				MTL_FAST_MATH = YES;
				SDKROOT = iphoneos;
				SWIFT_COMPILATION_MODE = wholemodule;
				SWIFT_OPTIMIZATION_LEVEL = "-O";
				VALIDATE_PRODUCT = YES;
			};
			name = Release;
		};
		796353AE25AEE78100B269E4 /* Debug */ = {
			isa = XCBuildConfiguration;
			baseConfigurationReference = D91517E625CBD617D46C2D86 /* Pods-PhotoGallery.debug.xcconfig */;
			buildSettings = {
				ASSETCATALOG_COMPILER_APPICON_NAME = AppIcon;
				ASSETCATALOG_COMPILER_GLOBAL_ACCENT_COLOR_NAME = AccentColor;
				CODE_SIGN_STYLE = Automatic;
				INFOPLIST_FILE = PhotoGallery/Info.plist;
				LD_RUNPATH_SEARCH_PATHS = (
					"$(inherited)",
					"@executable_path/Frameworks",
				);
				PRODUCT_BUNDLE_IDENTIFIER = amin.mhd.hasan.PhotoGallery;
				PRODUCT_NAME = "$(TARGET_NAME)";
				SWIFT_VERSION = 5.0;
				TARGETED_DEVICE_FAMILY = "1,2";
			};
			name = Debug;
		};
		796353AF25AEE78100B269E4 /* Release */ = {
			isa = XCBuildConfiguration;
			baseConfigurationReference = F7CE5BD093328DD8870246EC /* Pods-PhotoGallery.release.xcconfig */;
			buildSettings = {
				ASSETCATALOG_COMPILER_APPICON_NAME = AppIcon;
				ASSETCATALOG_COMPILER_GLOBAL_ACCENT_COLOR_NAME = AccentColor;
				CODE_SIGN_STYLE = Automatic;
				INFOPLIST_FILE = PhotoGallery/Info.plist;
				LD_RUNPATH_SEARCH_PATHS = (
					"$(inherited)",
					"@executable_path/Frameworks",
				);
				PRODUCT_BUNDLE_IDENTIFIER = amin.mhd.hasan.PhotoGallery;
				PRODUCT_NAME = "$(TARGET_NAME)";
				SWIFT_VERSION = 5.0;
				TARGETED_DEVICE_FAMILY = "1,2";
			};
			name = Release;
		};
/* End XCBuildConfiguration section */

/* Begin XCConfigurationList section */
		7963539425AEE77E00B269E4 /* Build configuration list for PBXProject "PhotoGallery" */ = {
			isa = XCConfigurationList;
			buildConfigurations = (
				796353AB25AEE78100B269E4 /* Debug */,
				796353AC25AEE78100B269E4 /* Release */,
			);
			defaultConfigurationIsVisible = 0;
			defaultConfigurationName = Release;
		};
		796353AD25AEE78100B269E4 /* Build configuration list for PBXNativeTarget "PhotoGallery" */ = {
			isa = XCConfigurationList;
			buildConfigurations = (
				796353AE25AEE78100B269E4 /* Debug */,
				796353AF25AEE78100B269E4 /* Release */,
			);
			defaultConfigurationIsVisible = 0;
			defaultConfigurationName = Release;
		};
/* End XCConfigurationList section */
	};
	rootObject = 7963539125AEE77E00B269E4 /* Project object */;
}
